// !$*UTF8*$!
{
	archiveVersion = 1;
	classes = {
	};
	objectVersion = 56;
	objects = {

/* Begin PBXBuildFile section */
		814ED88D299040920070D500 /* NeontriRecAppApp.swift in Sources */ = {isa = PBXBuildFile; fileRef = 814ED88C299040920070D500 /* NeontriRecAppApp.swift */; };
		814ED88F299040920070D500 /* ContentView.swift in Sources */ = {isa = PBXBuildFile; fileRef = 814ED88E299040920070D500 /* ContentView.swift */; };
		814ED891299040960070D500 /* Assets.xcassets in Resources */ = {isa = PBXBuildFile; fileRef = 814ED890299040960070D500 /* Assets.xcassets */; };
		814ED894299040960070D500 /* Preview Assets.xcassets in Resources */ = {isa = PBXBuildFile; fileRef = 814ED893299040960070D500 /* Preview Assets.xcassets */; };
		814ED89E299040960070D500 /* NeontriRecAppTests.swift in Sources */ = {isa = PBXBuildFile; fileRef = 814ED89D299040960070D500 /* NeontriRecAppTests.swift */; };
		814ED8A8299040960070D500 /* NeontriRecAppUITests.swift in Sources */ = {isa = PBXBuildFile; fileRef = 814ED8A7299040960070D500 /* NeontriRecAppUITests.swift */; };
		814ED8AA299040960070D500 /* NeontriRecAppUITestsLaunchTests.swift in Sources */ = {isa = PBXBuildFile; fileRef = 814ED8A9299040960070D500 /* NeontriRecAppUITestsLaunchTests.swift */; };
/* End PBXBuildFile section */

/* Begin PBXContainerItemProxy section */
		814ED89A299040960070D500 /* PBXContainerItemProxy */ = {
			isa = PBXContainerItemProxy;
			containerPortal = 814ED881299040920070D500 /* Project object */;
			proxyType = 1;
			remoteGlobalIDString = 814ED888299040920070D500;
			remoteInfo = NeontriRecApp;
		};
		814ED8A4299040960070D500 /* PBXContainerItemProxy */ = {
			isa = PBXContainerItemProxy;
			containerPortal = 814ED881299040920070D500 /* Project object */;
			proxyType = 1;
			remoteGlobalIDString = 814ED888299040920070D500;
			remoteInfo = NeontriRecApp;
		};
/* End PBXContainerItemProxy section */

/* Begin PBXFileReference section */
		814ED889299040920070D500 /* NeontriRecApp.app */ = {isa = PBXFileReference; explicitFileType = wrapper.application; includeInIndex = 0; path = NeontriRecApp.app; sourceTree = BUILT_PRODUCTS_DIR; };
		814ED88C299040920070D500 /* NeontriRecAppApp.swift */ = {isa = PBXFileReference; lastKnownFileType = sourcecode.swift; path = NeontriRecAppApp.swift; sourceTree = "<group>"; };
		814ED88E299040920070D500 /* ContentView.swift */ = {isa = PBXFileReference; lastKnownFileType = sourcecode.swift; path = ContentView.swift; sourceTree = "<group>"; };
		814ED890299040960070D500 /* Assets.xcassets */ = {isa = PBXFileReference; lastKnownFileType = folder.assetcatalog; path = Assets.xcassets; sourceTree = "<group>"; };
		814ED893299040960070D500 /* Preview Assets.xcassets */ = {isa = PBXFileReference; lastKnownFileType = folder.assetcatalog; path = "Preview Assets.xcassets"; sourceTree = "<group>"; };
		814ED899299040960070D500 /* NeontriRecAppTests.xctest */ = {isa = PBXFileReference; explicitFileType = wrapper.cfbundle; includeInIndex = 0; path = NeontriRecAppTests.xctest; sourceTree = BUILT_PRODUCTS_DIR; };
		814ED89D299040960070D500 /* NeontriRecAppTests.swift */ = {isa = PBXFileReference; lastKnownFileType = sourcecode.swift; path = NeontriRecAppTests.swift; sourceTree = "<group>"; };
		814ED8A3299040960070D500 /* NeontriRecAppUITests.xctest */ = {isa = PBXFileReference; explicitFileType = wrapper.cfbundle; includeInIndex = 0; path = NeontriRecAppUITests.xctest; sourceTree = BUILT_PRODUCTS_DIR; };
		814ED8A7299040960070D500 /* NeontriRecAppUITests.swift */ = {isa = PBXFileReference; lastKnownFileType = sourcecode.swift; path = NeontriRecAppUITests.swift; sourceTree = "<group>"; };
		814ED8A9299040960070D500 /* NeontriRecAppUITestsLaunchTests.swift */ = {isa = PBXFileReference; lastKnownFileType = sourcecode.swift; path = NeontriRecAppUITestsLaunchTests.swift; sourceTree = "<group>"; };
/* End PBXFileReference section */

/* Begin PBXFrameworksBuildPhase section */
		814ED886299040920070D500 /* Frameworks */ = {
			isa = PBXFrameworksBuildPhase;
			buildActionMask = 2147483647;
			files = (
			);
			runOnlyForDeploymentPostprocessing = 0;
		};
		814ED896299040960070D500 /* Frameworks */ = {
			isa = PBXFrameworksBuildPhase;
			buildActionMask = 2147483647;
			files = (
			);
			runOnlyForDeploymentPostprocessing = 0;
		};
		814ED8A0299040960070D500 /* Frameworks */ = {
			isa = PBXFrameworksBuildPhase;
			buildActionMask = 2147483647;
			files = (
			);
			runOnlyForDeploymentPostprocessing = 0;
		};
/* End PBXFrameworksBuildPhase section */

/* Begin PBXGroup section */
		814ED880299040920070D500 = {
			isa = PBXGroup;
			children = (
				814ED88B299040920070D500 /* NeontriRecApp */,
				814ED89C299040960070D500 /* NeontriRecAppTests */,
				814ED8A6299040960070D500 /* NeontriRecAppUITests */,
				814ED88A299040920070D500 /* Products */,
			);
			sourceTree = "<group>";
		};
		814ED88A299040920070D500 /* Products */ = {
			isa = PBXGroup;
			children = (
				814ED889299040920070D500 /* NeontriRecApp.app */,
				814ED899299040960070D500 /* NeontriRecAppTests.xctest */,
				814ED8A3299040960070D500 /* NeontriRecAppUITests.xctest */,
			);
			name = Products;
			sourceTree = "<group>";
		};
		814ED88B299040920070D500 /* NeontriRecApp */ = {
			isa = PBXGroup;
			children = (
				814ED88C299040920070D500 /* NeontriRecAppApp.swift */,
				814ED88E299040920070D500 /* ContentView.swift */,
				814ED890299040960070D500 /* Assets.xcassets */,
				814ED892299040960070D500 /* Preview Content */,
			);
			path = NeontriRecApp;
			sourceTree = "<group>";
		};
		814ED892299040960070D500 /* Preview Content */ = {
			isa = PBXGroup;
			children = (
				814ED893299040960070D500 /* Preview Assets.xcassets */,
			);
			path = "Preview Content";
			sourceTree = "<group>";
		};
		814ED89C299040960070D500 /* NeontriRecAppTests */ = {
			isa = PBXGroup;
			children = (
				814ED89D299040960070D500 /* NeontriRecAppTests.swift */,
			);
			path = NeontriRecAppTests;
			sourceTree = "<group>";
		};
		814ED8A6299040960070D500 /* NeontriRecAppUITests */ = {
			isa = PBXGroup;
			children = (
				814ED8A7299040960070D500 /* NeontriRecAppUITests.swift */,
				814ED8A9299040960070D500 /* NeontriRecAppUITestsLaunchTests.swift */,
			);
			path = NeontriRecAppUITests;
			sourceTree = "<group>";
		};
/* End PBXGroup section */

/* Begin PBXNativeTarget section */
		814ED888299040920070D500 /* NeontriRecApp */ = {
			isa = PBXNativeTarget;
			buildConfigurationList = 814ED8AD299040960070D500 /* Build configuration list for PBXNativeTarget "NeontriRecApp" */;
			buildPhases = (
				814ED885299040920070D500 /* Sources */,
				814ED886299040920070D500 /* Frameworks */,
				814ED887299040920070D500 /* Resources */,
			);
			buildRules = (
			);
			dependencies = (
			);
			name = NeontriRecApp;
			productName = NeontriRecApp;
			productReference = 814ED889299040920070D500 /* NeontriRecApp.app */;
			productType = "com.apple.product-type.application";
		};
		814ED898299040960070D500 /* NeontriRecAppTests */ = {
			isa = PBXNativeTarget;
			buildConfigurationList = 814ED8B0299040960070D500 /* Build configuration list for PBXNativeTarget "NeontriRecAppTests" */;
			buildPhases = (
				814ED895299040960070D500 /* Sources */,
				814ED896299040960070D500 /* Frameworks */,
				814ED897299040960070D500 /* Resources */,
			);
			buildRules = (
			);
			dependencies = (
				814ED89B299040960070D500 /* PBXTargetDependency */,
			);
			name = NeontriRecAppTests;
			productName = NeontriRecAppTests;
			productReference = 814ED899299040960070D500 /* NeontriRecAppTests.xctest */;
			productType = "com.apple.product-type.bundle.unit-test";
		};
		814ED8A2299040960070D500 /* NeontriRecAppUITests */ = {
			isa = PBXNativeTarget;
			buildConfigurationList = 814ED8B3299040960070D500 /* Build configuration list for PBXNativeTarget "NeontriRecAppUITests" */;
			buildPhases = (
				814ED89F299040960070D500 /* Sources */,
				814ED8A0299040960070D500 /* Frameworks */,
				814ED8A1299040960070D500 /* Resources */,
			);
			buildRules = (
			);
			dependencies = (
				814ED8A5299040960070D500 /* PBXTargetDependency */,
			);
			name = NeontriRecAppUITests;
			productName = NeontriRecAppUITests;
			productReference = 814ED8A3299040960070D500 /* NeontriRecAppUITests.xctest */;
			productType = "com.apple.product-type.bundle.ui-testing";
		};
/* End PBXNativeTarget section */

/* Begin PBXProject section */
		814ED881299040920070D500 /* Project object */ = {
			isa = PBXProject;
			attributes = {
				BuildIndependentTargetsInParallel = 1;
				LastSwiftUpdateCheck = 1420;
				LastUpgradeCheck = 1420;
				TargetAttributes = {
					814ED888299040920070D500 = {
						CreatedOnToolsVersion = 14.2;
					};
					814ED898299040960070D500 = {
						CreatedOnToolsVersion = 14.2;
						TestTargetID = 814ED888299040920070D500;
					};
					814ED8A2299040960070D500 = {
						CreatedOnToolsVersion = 14.2;
						TestTargetID = 814ED888299040920070D500;
					};
				};
			};
			buildConfigurationList = 814ED884299040920070D500 /* Build configuration list for PBXProject "NeontriRecApp" */;
			compatibilityVersion = "Xcode 14.0";
			developmentRegion = en;
			hasScannedForEncodings = 0;
			knownRegions = (
				en,
				Base,
			);
			mainGroup = 814ED880299040920070D500;
			productRefGroup = 814ED88A299040920070D500 /* Products */;
			projectDirPath = "";
			projectRoot = "";
			targets = (
				814ED888299040920070D500 /* NeontriRecApp */,
				814ED898299040960070D500 /* NeontriRecAppTests */,
				814ED8A2299040960070D500 /* NeontriRecAppUITests */,
			);
		};
/* End PBXProject section */

/* Begin PBXResourcesBuildPhase section */
		814ED887299040920070D500 /* Resources */ = {
			isa = PBXResourcesBuildPhase;
			buildActionMask = 2147483647;
			files = (
				814ED894299040960070D500 /* Preview Assets.xcassets in Resources */,
				814ED891299040960070D500 /* Assets.xcassets in Resources */,
			);
			runOnlyForDeploymentPostprocessing = 0;
		};
		814ED897299040960070D500 /* Resources */ = {
			isa = PBXResourcesBuildPhase;
			buildActionMask = 2147483647;
			files = (
			);
			runOnlyForDeploymentPostprocessing = 0;
		};
		814ED8A1299040960070D500 /* Resources */ = {
			isa = PBXResourcesBuildPhase;
			buildActionMask = 2147483647;
			files = (
			);
			runOnlyForDeploymentPostprocessing = 0;
		};
/* End PBXResourcesBuildPhase section */

/* Begin PBXSourcesBuildPhase section */
		814ED885299040920070D500 /* Sources */ = {
			isa = PBXSourcesBuildPhase;
			buildActionMask = 2147483647;
			files = (
				814ED88F299040920070D500 /* ContentView.swift in Sources */,
				814ED88D299040920070D500 /* NeontriRecAppApp.swift in Sources */,
			);
			runOnlyForDeploymentPostprocessing = 0;
		};
		814ED895299040960070D500 /* Sources */ = {
			isa = PBXSourcesBuildPhase;
			buildActionMask = 2147483647;
			files = (
				814ED89E299040960070D500 /* NeontriRecAppTests.swift in Sources */,
			);
			runOnlyForDeploymentPostprocessing = 0;
		};
		814ED89F299040960070D500 /* Sources */ = {
			isa = PBXSourcesBuildPhase;
			buildActionMask = 2147483647;
			files = (
				814ED8A8299040960070D500 /* NeontriRecAppUITests.swift in Sources */,
				814ED8AA299040960070D500 /* NeontriRecAppUITestsLaunchTests.swift in Sources */,
			);
			runOnlyForDeploymentPostprocessing = 0;
		};
/* End PBXSourcesBuildPhase section */

/* Begin PBXTargetDependency section */
		814ED89B299040960070D500 /* PBXTargetDependency */ = {
			isa = PBXTargetDependency;
			target = 814ED888299040920070D500 /* NeontriRecApp */;
			targetProxy = 814ED89A299040960070D500 /* PBXContainerItemProxy */;
		};
		814ED8A5299040960070D500 /* PBXTargetDependency */ = {
			isa = PBXTargetDependency;
			target = 814ED888299040920070D500 /* NeontriRecApp */;
			targetProxy = 814ED8A4299040960070D500 /* PBXContainerItemProxy */;
		};
/* End PBXTargetDependency section */

/* Begin XCBuildConfiguration section */
		814ED8AB299040960070D500 /* Debug */ = {
			isa = XCBuildConfiguration;
			buildSettings = {
				ALWAYS_SEARCH_USER_PATHS = NO;
				CLANG_ANALYZER_NONNULL = YES;
				CLANG_ANALYZER_NUMBER_OBJECT_CONVERSION = YES_AGGRESSIVE;
				CLANG_CXX_LANGUAGE_STANDARD = "gnu++20";
				CLANG_ENABLE_MODULES = YES;
				CLANG_ENABLE_OBJC_ARC = YES;
				CLANG_ENABLE_OBJC_WEAK = YES;
				CLANG_WARN_BLOCK_CAPTURE_AUTORELEASING = YES;
				CLANG_WARN_BOOL_CONVERSION = YES;
				CLANG_WARN_COMMA = YES;
				CLANG_WARN_CONSTANT_CONVERSION = YES;
				CLANG_WARN_DEPRECATED_OBJC_IMPLEMENTATIONS = YES;
				CLANG_WARN_DIRECT_OBJC_ISA_USAGE = YES_ERROR;
				CLANG_WARN_DOCUMENTATION_COMMENTS = YES;
				CLANG_WARN_EMPTY_BODY = YES;
				CLANG_WARN_ENUM_CONVERSION = YES;
				CLANG_WARN_INFINITE_RECURSION = YES;
				CLANG_WARN_INT_CONVERSION = YES;
				CLANG_WARN_NON_LITERAL_NULL_CONVERSION = YES;
				CLANG_WARN_OBJC_IMPLICIT_RETAIN_SELF = YES;
				CLANG_WARN_OBJC_LITERAL_CONVERSION = YES;
				CLANG_WARN_OBJC_ROOT_CLASS = YES_ERROR;
				CLANG_WARN_QUOTED_INCLUDE_IN_FRAMEWORK_HEADER = YES;
				CLANG_WARN_RANGE_LOOP_ANALYSIS = YES;
				CLANG_WARN_STRICT_PROTOTYPES = YES;
				CLANG_WARN_SUSPICIOUS_MOVE = YES;
				CLANG_WARN_UNGUARDED_AVAILABILITY = YES_AGGRESSIVE;
				CLANG_WARN_UNREACHABLE_CODE = YES;
				CLANG_WARN__DUPLICATE_METHOD_MATCH = YES;
				COPY_PHASE_STRIP = NO;
				DEBUG_INFORMATION_FORMAT = dwarf;
				ENABLE_STRICT_OBJC_MSGSEND = YES;
				ENABLE_TESTABILITY = YES;
				GCC_C_LANGUAGE_STANDARD = gnu11;
				GCC_DYNAMIC_NO_PIC = NO;
				GCC_NO_COMMON_BLOCKS = YES;
				GCC_OPTIMIZATION_LEVEL = 0;
				GCC_PREPROCESSOR_DEFINITIONS = (
					"DEBUG=1",
					"$(inherited)",
				);
				GCC_WARN_64_TO_32_BIT_CONVERSION = YES;
				GCC_WARN_ABOUT_RETURN_TYPE = YES_ERROR;
				GCC_WARN_UNDECLARED_SELECTOR = YES;
				GCC_WARN_UNINITIALIZED_AUTOS = YES_AGGRESSIVE;
				GCC_WARN_UNUSED_FUNCTION = YES;
				GCC_WARN_UNUSED_VARIABLE = YES;
				IPHONEOS_DEPLOYMENT_TARGET = 16.2;
				MTL_ENABLE_DEBUG_INFO = INCLUDE_SOURCE;
				MTL_FAST_MATH = YES;
				ONLY_ACTIVE_ARCH = YES;
				SDKROOT = iphoneos;
				SWIFT_ACTIVE_COMPILATION_CONDITIONS = DEBUG;
				SWIFT_OPTIMIZATION_LEVEL = "-Onone";
			};
			name = Debug;
		};
		814ED8AC299040960070D500 /* Release */ = {
			isa = XCBuildConfiguration;
			buildSettings = {
				ALWAYS_SEARCH_USER_PATHS = NO;
				CLANG_ANALYZER_NONNULL = YES;
				CLANG_ANALYZER_NUMBER_OBJECT_CONVERSION = YES_AGGRESSIVE;
				CLANG_CXX_LANGUAGE_STANDARD = "gnu++20";
				CLANG_ENABLE_MODULES = YES;
				CLANG_ENABLE_OBJC_ARC = YES;
				CLANG_ENABLE_OBJC_WEAK = YES;
				CLANG_WARN_BLOCK_CAPTURE_AUTORELEASING = YES;
				CLANG_WARN_BOOL_CONVERSION = YES;
				CLANG_WARN_COMMA = YES;
				CLANG_WARN_CONSTANT_CONVERSION = YES;
				CLANG_WARN_DEPRECATED_OBJC_IMPLEMENTATIONS = YES;
				CLANG_WARN_DIRECT_OBJC_ISA_USAGE = YES_ERROR;
				CLANG_WARN_DOCUMENTATION_COMMENTS = YES;
				CLANG_WARN_EMPTY_BODY = YES;
				CLANG_WARN_ENUM_CONVERSION = YES;
				CLANG_WARN_INFINITE_RECURSION = YES;
				CLANG_WARN_INT_CONVERSION = YES;
				CLANG_WARN_NON_LITERAL_NULL_CONVERSION = YES;
				CLANG_WARN_OBJC_IMPLICIT_RETAIN_SELF = YES;
				CLANG_WARN_OBJC_LITERAL_CONVERSION = YES;
				CLANG_WARN_OBJC_ROOT_CLASS = YES_ERROR;
				CLANG_WARN_QUOTED_INCLUDE_IN_FRAMEWORK_HEADER = YES;
				CLANG_WARN_RANGE_LOOP_ANALYSIS = YES;
				CLANG_WARN_STRICT_PROTOTYPES = YES;
				CLANG_WARN_SUSPICIOUS_MOVE = YES;
				CLANG_WARN_UNGUARDED_AVAILABILITY = YES_AGGRESSIVE;
				CLANG_WARN_UNREACHABLE_CODE = YES;
				CLANG_WARN__DUPLICATE_METHOD_MATCH = YES;
				COPY_PHASE_STRIP = NO;
				DEBUG_INFORMATION_FORMAT = "dwarf-with-dsym";
				ENABLE_NS_ASSERTIONS = NO;
				ENABLE_STRICT_OBJC_MSGSEND = YES;
				GCC_C_LANGUAGE_STANDARD = gnu11;
				GCC_NO_COMMON_BLOCKS = YES;
				GCC_WARN_64_TO_32_BIT_CONVERSION = YES;
				GCC_WARN_ABOUT_RETURN_TYPE = YES_ERROR;
				GCC_WARN_UNDECLARED_SELECTOR = YES;
				GCC_WARN_UNINITIALIZED_AUTOS = YES_AGGRESSIVE;
				GCC_WARN_UNUSED_FUNCTION = YES;
				GCC_WARN_UNUSED_VARIABLE = YES;
				IPHONEOS_DEPLOYMENT_TARGET = 16.2;
				MTL_ENABLE_DEBUG_INFO = NO;
				MTL_FAST_MATH = YES;
				SDKROOT = iphoneos;
				SWIFT_COMPILATION_MODE = wholemodule;
				SWIFT_OPTIMIZATION_LEVEL = "-O";
				VALIDATE_PRODUCT = YES;
			};
			name = Release;
		};
		814ED8AE299040960070D500 /* Debug */ = {
			isa = XCBuildConfiguration;
			buildSettings = {
				ASSETCATALOG_COMPILER_APPICON_NAME = AppIcon;
				ASSETCATALOG_COMPILER_GLOBAL_ACCENT_COLOR_NAME = AccentColor;
				CODE_SIGN_STYLE = Automatic;
				CURRENT_PROJECT_VERSION = 1;
				DEVELOPMENT_ASSET_PATHS = "\"NeontriRecApp/Preview Content\"";
				DEVELOPMENT_TEAM = KM42VYU5F9;
				ENABLE_PREVIEWS = YES;
				GENERATE_INFOPLIST_FILE = YES;
				INFOPLIST_KEY_UIApplicationSceneManifest_Generation = YES;
				INFOPLIST_KEY_UIApplicationSupportsIndirectInputEvents = YES;
				INFOPLIST_KEY_UILaunchScreen_Generation = YES;
				INFOPLIST_KEY_UISupportedInterfaceOrientations_iPad = "UIInterfaceOrientationPortrait UIInterfaceOrientationPortraitUpsideDown UIInterfaceOrientationLandscapeLeft UIInterfaceOrientationLandscapeRight";
				INFOPLIST_KEY_UISupportedInterfaceOrientations_iPhone = "UIInterfaceOrientationPortrait UIInterfaceOrientationLandscapeLeft UIInterfaceOrientationLandscapeRight";
				LD_RUNPATH_SEARCH_PATHS = (
					"$(inherited)",
					"@executable_path/Frameworks",
				);
				MARKETING_VERSION = 1.0;
				PRODUCT_BUNDLE_IDENTIFIER = com.tymoteuszstokarski.NeontriRecApp;
				PRODUCT_NAME = "$(TARGET_NAME)";
				SWIFT_EMIT_LOC_STRINGS = YES;
				SWIFT_VERSION = 5.0;
				TARGETED_DEVICE_FAMILY = "1,2";
			};
			name = Debug;
		};
		814ED8AF299040960070D500 /* Release */ = {
			isa = XCBuildConfiguration;
			buildSettings = {
				ASSETCATALOG_COMPILER_APPICON_NAME = AppIcon;
				ASSETCATALOG_COMPILER_GLOBAL_ACCENT_COLOR_NAME = AccentColor;
				CODE_SIGN_STYLE = Automatic;
				CURRENT_PROJECT_VERSION = 1;
				DEVELOPMENT_ASSET_PATHS = "\"NeontriRecApp/Preview Content\"";
				DEVELOPMENT_TEAM = KM42VYU5F9;
				ENABLE_PREVIEWS = YES;
				GENERATE_INFOPLIST_FILE = YES;
				INFOPLIST_KEY_UIApplicationSceneManifest_Generation = YES;
				INFOPLIST_KEY_UIApplicationSupportsIndirectInputEvents = YES;
				INFOPLIST_KEY_UILaunchScreen_Generation = YES;
				INFOPLIST_KEY_UISupportedInterfaceOrientations_iPad = "UIInterfaceOrientationPortrait UIInterfaceOrientationPortraitUpsideDown UIInterfaceOrientationLandscapeLeft UIInterfaceOrientationLandscapeRight";
				INFOPLIST_KEY_UISupportedInterfaceOrientations_iPhone = "UIInterfaceOrientationPortrait UIInterfaceOrientationLandscapeLeft UIInterfaceOrientationLandscapeRight";
				LD_RUNPATH_SEARCH_PATHS = (
					"$(inherited)",
					"@executable_path/Frameworks",
				);
				MARKETING_VERSION = 1.0;
				PRODUCT_BUNDLE_IDENTIFIER = com.tymoteuszstokarski.NeontriRecApp;
				PRODUCT_NAME = "$(TARGET_NAME)";
				SWIFT_EMIT_LOC_STRINGS = YES;
				SWIFT_VERSION = 5.0;
				TARGETED_DEVICE_FAMILY = "1,2";
			};
			name = Release;
		};
		814ED8B1299040960070D500 /* Debug */ = {
			isa = XCBuildConfiguration;
			buildSettings = {
				ALWAYS_EMBED_SWIFT_STANDARD_LIBRARIES = YES;
				BUNDLE_LOADER = "$(TEST_HOST)";
				CODE_SIGN_STYLE = Automatic;
				CURRENT_PROJECT_VERSION = 1;
				DEVELOPMENT_TEAM = KM42VYU5F9;
				GENERATE_INFOPLIST_FILE = YES;
				IPHONEOS_DEPLOYMENT_TARGET = 16.2;
				MARKETING_VERSION = 1.0;
				PRODUCT_BUNDLE_IDENTIFIER = com.tymoteuszstokarski.NeontriRecAppTests;
				PRODUCT_NAME = "$(TARGET_NAME)";
				SWIFT_EMIT_LOC_STRINGS = NO;
				SWIFT_VERSION = 5.0;
				TARGETED_DEVICE_FAMILY = "1,2";
				TEST_HOST = "$(BUILT_PRODUCTS_DIR)/NeontriRecApp.app/$(BUNDLE_EXECUTABLE_FOLDER_PATH)/NeontriRecApp";
			};
			name = Debug;
		};
		814ED8B2299040960070D500 /* Release */ = {
			isa = XCBuildConfiguration;
			buildSettings = {
				ALWAYS_EMBED_SWIFT_STANDARD_LIBRARIES = YES;
				BUNDLE_LOADER = "$(TEST_HOST)";
				CODE_SIGN_STYLE = Automatic;
				CURRENT_PROJECT_VERSION = 1;
				DEVELOPMENT_TEAM = KM42VYU5F9;
				GENERATE_INFOPLIST_FILE = YES;
				IPHONEOS_DEPLOYMENT_TARGET = 16.2;
				MARKETING_VERSION = 1.0;
				PRODUCT_BUNDLE_IDENTIFIER = com.tymoteuszstokarski.NeontriRecAppTests;
				PRODUCT_NAME = "$(TARGET_NAME)";
				SWIFT_EMIT_LOC_STRINGS = NO;
				SWIFT_VERSION = 5.0;
				TARGETED_DEVICE_FAMILY = "1,2";
				TEST_HOST = "$(BUILT_PRODUCTS_DIR)/NeontriRecApp.app/$(BUNDLE_EXECUTABLE_FOLDER_PATH)/NeontriRecApp";
			};
			name = Release;
		};
		814ED8B4299040960070D500 /* Debug */ = {
			isa = XCBuildConfiguration;
			buildSettings = {
				ALWAYS_EMBED_SWIFT_STANDARD_LIBRARIES = YES;
				CODE_SIGN_STYLE = Automatic;
				CURRENT_PROJECT_VERSION = 1;
				DEVELOPMENT_TEAM = KM42VYU5F9;
				GENERATE_INFOPLIST_FILE = YES;
				MARKETING_VERSION = 1.0;
				PRODUCT_BUNDLE_IDENTIFIER = com.tymoteuszstokarski.NeontriRecAppUITests;
				PRODUCT_NAME = "$(TARGET_NAME)";
				SWIFT_EMIT_LOC_STRINGS = NO;
				SWIFT_VERSION = 5.0;
				TARGETED_DEVICE_FAMILY = "1,2";
				TEST_TARGET_NAME = NeontriRecApp;
			};
			name = Debug;
		};
		814ED8B5299040960070D500 /* Release */ = {
			isa = XCBuildConfiguration;
			buildSettings = {
				ALWAYS_EMBED_SWIFT_STANDARD_LIBRARIES = YES;
				CODE_SIGN_STYLE = Automatic;
				CURRENT_PROJECT_VERSION = 1;
				DEVELOPMENT_TEAM = KM42VYU5F9;
				GENERATE_INFOPLIST_FILE = YES;
				MARKETING_VERSION = 1.0;
				PRODUCT_BUNDLE_IDENTIFIER = com.tymoteuszstokarski.NeontriRecAppUITests;
				PRODUCT_NAME = "$(TARGET_NAME)";
				SWIFT_EMIT_LOC_STRINGS = NO;
				SWIFT_VERSION = 5.0;
				TARGETED_DEVICE_FAMILY = "1,2";
				TEST_TARGET_NAME = NeontriRecApp;
			};
			name = Release;
		};
/* End XCBuildConfiguration section */

/* Begin XCConfigurationList section */
		814ED884299040920070D500 /* Build configuration list for PBXProject "NeontriRecApp" */ = {
			isa = XCConfigurationList;
			buildConfigurations = (
				814ED8AB299040960070D500 /* Debug */,
				814ED8AC299040960070D500 /* Release */,
			);
			defaultConfigurationIsVisible = 0;
			defaultConfigurationName = Release;
		};
		814ED8AD299040960070D500 /* Build configuration list for PBXNativeTarget "NeontriRecApp" */ = {
			isa = XCConfigurationList;
			buildConfigurations = (
				814ED8AE299040960070D500 /* Debug */,
				814ED8AF299040960070D500 /* Release */,
			);
			defaultConfigurationIsVisible = 0;
			defaultConfigurationName = Release;
		};
		814ED8B0299040960070D500 /* Build configuration list for PBXNativeTarget "NeontriRecAppTests" */ = {
			isa = XCConfigurationList;
			buildConfigurations = (
				814ED8B1299040960070D500 /* Debug */,
				814ED8B2299040960070D500 /* Release */,
			);
			defaultConfigurationIsVisible = 0;
			defaultConfigurationName = Release;
		};
		814ED8B3299040960070D500 /* Build configuration list for PBXNativeTarget "NeontriRecAppUITests" */ = {
			isa = XCConfigurationList;
			buildConfigurations = (
				814ED8B4299040960070D500 /* Debug */,
				814ED8B5299040960070D500 /* Release */,
			);
			defaultConfigurationIsVisible = 0;
			defaultConfigurationName = Release;
		};
/* End XCConfigurationList section */
	};
	rootObject = 814ED881299040920070D500 /* Project object */;
}
